{
  "name": "@native-sdk/core",
  "version": "0.10.1",
  "lockfileVersion": 3,
  "requires": true,
  "packages": {
    "": {
      "name": "@native-sdk/core",
      "version": "0.10.1",
      "dependencies": {
        "scriptc": "0.2.0"
      },
      "devDependencies": {
        "@scriptc/compiler": "0.2.0",
        "@types/node": "24.19.0",
        "@typescript/old": "npm:typescript@6.0.3"
      },
      "engines": {
        "node": ">=24"
      }
    },
    "node_modules/@scriptc/cli-darwin-arm64": {
      "version": "0.2.0",
      "integrity": "sha512-Wxn6H0AqRFyZPzAkSNsfn5i1CC5PerR+gKKEPF+N3i4w+OHfw/OoBzkSSV5gjCBTT5SrS4x0xKGg65vLmdIvTg==",
      "cpu": [
        "arm64"
      ],
      "license": "Apache-2.0",
      "optional": true,
      "os": [
        "darwin"
      ]
    },
    "node_modules/@scriptc/cli-darwin-x64": {
      "version": "0.2.0",
      "integrity": "sha512-5EZ24Ib2Z/R7XyVqRJyMMQCfE/PQRcNvPGnvUl3aLdHkZT9k66jHyAAZkNl2u/V6OSM04uiPvyFdYsFCIa6+Sw==",
      "cpu": [
        "x64"
      ],
      "license": "Apache-2.0",
      "optional": true,
      "os": [
        "darwin"
      ]
    },
    "node_modules/@scriptc/cli-linux-arm64-gnu": {
      "version": "0.2.0",
      "integrity": "sha512-939Vos/mf+PPjl+YrhJNpqFdwU0XPGwNmi2xewUzoKJBY1g+zv6AvS3tifY51SfEreHKEFTIHDsEiQBT3+lKGA==",
      "cpu": [
        "arm64"
      ],
      "libc": [
        "glibc"
      ],
      "license": "Apache-2.0",
      "optional": true,
      "os": [
        "linux"
      ]
    },
    "node_modules/@scriptc/cli-linux-arm64-musl": {
      "version": "0.2.0",
      "integrity": "sha512-meMT4uUlG9rt/+pzbJ/B4rcvEFT1NCCdD0AeVz5ZA+WaeIAiaxsbffGvtHTwPHmLC6NPsNnX0+Ps5EJH9dCnJQ==",
      "cpu": [
        "arm64"
      ],
      "libc": [
        "musl"
      ],
      "license": "Apache-2.0",
      "optional": true,
      "os": [
        "linux"
      ]
    },
    "node_modules/@scriptc/cli-linux-x64-gnu": {
      "version": "0.2.0",
      "integrity": "sha512-pkBjLGDE1OQ75do4U2HokT1pXhS4JqQMk7dkEwi2XLbCf5yDBywpFZIX9tQJX4CRtjs28LWr+h2/vDAPDg/L4g==",
      "cpu": [
        "x64"
      ],
      "libc": [
        "glibc"
      ],
      "license": "Apache-2.0",
      "optional": true,
      "os": [
        "linux"
      ]
    },
    "node_modules/@scriptc/cli-linux-x64-musl": {
      "version": "0.2.0",
      "integrity": "sha512-Y0NpFBn2yrXvHK1ly8qLl5RVl+Y7aA40142fWKcIscFORFS1ldlcWyhZt6WbM64kIhHtv739BJmeK4E1dL1lIw==",
      "cpu": [
        "x64"
      ],
      "libc": [
        "musl"
      ],
      "license": "Apache-2.0",
      "optional": true,
      "os": [
        "linux"
      ]
    },
    "node_modules/@scriptc/cli-win32-x64-msvc": {
      "version": "0.2.0",
      "integrity": "sha512-rDorY4YVLwgrl/5sj+VhnBHMKKaVHMRlrWfbCgjHOEWxirxkYCeqoPhOiaXm9HjkNfcl9CqZeCiNnd+E04FZ3g==",
      "cpu": [
        "x64"
      ],
      "license": "Apache-2.0",
      "optional": true,
      "os": [
        "win32"
      ]
    },
    "node_modules/@scriptc/compiler": {
      "version": "0.2.0",
      "integrity": "sha512-xQp9XC3Qgs/nQMg8M3zZ1W+GNRX9wRrszqzsBpDbLjuV3GjuqA+Nm3jxehal0S7DE5dgdaHPM0CCMru6RdB1ww==",
      "dev": true,
      "license": "Apache-2.0",
      "dependencies": {
        "@scriptc/runtime": "0.2.0",
        "typescript": "7.0.2",
        "typescript5": "npm:typescript@5.9.3"
      },
      "optionalDependencies": {
        "@scriptc/llvm-darwin-arm64": "0.2.0",
        "@scriptc/llvm-darwin-x64": "0.2.0",
        "@scriptc/llvm-linux-arm64-gnu": "0.2.0",
        "@scriptc/llvm-linux-arm64-musl": "0.2.0",
        "@scriptc/llvm-linux-x64-gnu": "0.2.0",
        "@scriptc/llvm-linux-x64-musl": "0.2.0",
        "@scriptc/llvm-win32-x64-msvc": "0.2.0",
        "@scriptc/runtime-android-arm64": "0.2.0",
        "@scriptc/runtime-darwin-arm64": "0.2.0",
        "@scriptc/runtime-darwin-x64": "0.2.0",
        "@scriptc/runtime-ios-arm64": "0.2.0",
        "@scriptc/runtime-ios-simulator-arm64": "0.2.0",
        "@scriptc/runtime-linux-arm64-gnu": "0.2.0",
        "@scriptc/runtime-linux-arm64-musl": "0.2.0",
        "@scriptc/runtime-linux-x64-gnu": "0.2.0",
        "@scriptc/runtime-linux-x64-musl": "0.2.0",
        "@scriptc/runtime-wasm32-wasi": "0.2.0",
        "@scriptc/runtime-win32-x64-msvc": "0.2.0"
      }
    },
    "node_modules/@scriptc/llvm-darwin-arm64": {
      "version": "0.2.0",
      "integrity": "sha512-Y/nrfAGLADgA3kBhYmJBupE7rrGU5o1zEFUKVpZ/pU6iWHNhRFzWmbg4lsXsbPfFKqZl/MvfNUF4dSTAkw725w==",
      "cpu": [
        "arm64"
      ],
      "dev": true,
      "license": "Apache-2.0 WITH LLVM-exception",
      "optional": true,
      "os": [
        "darwin"
      ],
      "bin": {
        "scriptc-llvm-codegen": "bin/scriptc-llvm-codegen"
      }
    },
    "node_modules/@scriptc/llvm-darwin-x64": {
      "version": "0.2.0",
      "integrity": "sha512-1Tj5Z9uV7HFvmmR52OGDWfEIXofgon1e/KhiBnFaJN25zg9uVLvT+priABIpGzEoxgPVsI8U5+1z8A7b2p60Hw==",
      "cpu": [
        "x64"
      ],
      "dev": true,
      "license": "Apache-2.0 WITH LLVM-exception",
      "optional": true,
      "os": [
        "darwin"
      ],
      "bin": {
        "scriptc-llvm-codegen": "bin/scriptc-llvm-codegen"
      }
    },
    "node_modules/@scriptc/llvm-linux-arm64-gnu": {
      "version": "0.2.0",
      "integrity": "sha512-A3Xf8sS2oVEIBFC0IKaXYCeCG4M0NCY3MsNUXHN6mEXgZae+japgKo3OPpFlLKMf1oWpl0sgZHtvmZclqrH2vA==",
      "cpu": [
        "arm64"
      ],
      "dev": true,
      "license": "Apache-2.0 WITH LLVM-exception",
      "optional": true,
      "os": [
        "linux"
      ],
      "bin": {
        "scriptc-llvm-linux-arm64-gnu": "bin/scriptc-llvm-codegen"
      }
    },
    "node_modules/@scriptc/llvm-linux-arm64-musl": {
      "version": "0.2.0",
      "integrity": "sha512-OK0y0uqzpDh+sLm+zfWMYjuSmMMhofNkq6xtI93j9bhPo2uUYhRvuD0GHfH7L+6196qemE/Ryx6Sq6X89hQ9XA==",
      "cpu": [
        "arm64"
      ],
      "dev": true,
      "license": "Apache-2.0 WITH LLVM-exception",
      "optional": true,
      "os": [
        "linux"
      ],
      "bin": {
        "scriptc-llvm-linux-arm64-musl": "bin/scriptc-llvm-codegen"
      }
    },
    "node_modules/@scriptc/llvm-linux-x64-gnu": {
      "version": "0.2.0",
      "integrity": "sha512-sT98a1dlBtM/TmD5WPZn4q/QSiTKi+YAu3mkAzD88MuUsRJEUKjhmV3IYwSB2FtJ/Vf1NPiMyzvR+o92PZlcvQ==",
      "cpu": [
        "x64"
      ],
      "dev": true,
      "license": "Apache-2.0 WITH LLVM-exception",
      "optional": true,
      "os": [
        "linux"
      ],
      "bin": {
        "scriptc-llvm-linux-x64-gnu": "bin/scriptc-llvm-codegen"
      }
    },
    "node_modules/@scriptc/llvm-linux-x64-musl": {
      "version": "0.2.0",
      "integrity": "sha512-ODc+0i8XC/TQtWN0DVGliakDUDq85ivASby5LoVSSUprG6w7+5Jz+SeskOOAjJMsm0YIll4re97yTS3SR8ynaA==",
      "cpu": [
        "x64"
      ],
      "dev": true,
      "license": "Apache-2.0 WITH LLVM-exception",
      "optional": true,
      "os": [
        "linux"
      ],
      "bin": {
        "scriptc-llvm-linux-x64-musl": "bin/scriptc-llvm-codegen"
      }
    },
    "node_modules/@scriptc/llvm-win32-x64-msvc": {
      "version": "0.2.0",
      "integrity": "sha512-CgQYJTB1Wq8oboZ6x3bJiPYmWfpmg29YNcUo91LjE/rTrx52fzz7JSSDPyL6p+zTAsTLADoN2nK+xt9YbK0fow==",
      "cpu": [
        "x64"
      ],
      "dev": true,
      "license": "Apache-2.0 WITH LLVM-exception",
      "optional": true,
      "os": [
        "win32"
      ]
    },
    "node_modules/@scriptc/runtime": {
      "version": "0.2.0",
      "integrity": "sha512-h384BIvHX2c5UcmX8qf7u2l9lWtV2qp95lnIPRXGQ3PHOYlccjlfGWlFzzGir5k63QP7zP2m8q0+5jGXoiv4hQ==",
      "dev": true,
      "license": "Apache-2.0"
    },
    "node_modules/@scriptc/runtime-android-arm64": {
      "version": "0.2.0",
      "integrity": "sha512-nN0DZUh6h1KtW1dftXqpyg4o+rObNUrazSWFWHuozmknL5k3CXJTPBWGxi0uoMGBefqEWEtbDmBHjWFWOd3xQQ==",
      "license": "Apache-2.0",
      "optional": true
    },
    "node_modules/@scriptc/runtime-darwin-arm64": {
      "version": "0.2.0",
      "integrity": "sha512-rydc5AvPjO7YNwJKqNDIh1Xn0XYu2v0YsEgYkdV8V9L0vqqlx7zqxyUtIk6qXHfQ7n7grig1PLiktL6ElHgc/A==",
      "license": "Apache-2.0",
      "optional": true
    },
    "node_modules/@scriptc/runtime-darwin-x64": {
      "version": "0.2.0",
      "integrity": "sha512-puOH3sGzTXvT+q6niAdYpKheiY+vDW/7VX8fOGxfWUdiawJfkJEoX2KEcVs44ZuGn5s6c0GyXafSne3jSShJMA==",
      "license": "Apache-2.0",
      "optional": true
    },
    "node_modules/@scriptc/runtime-ios-arm64": {
      "version": "0.2.0",
      "integrity": "sha512-Mo3Z3ye71kURjH89Wg40D/wYsoHXS7cckeb8U7hkemrMIvArniUX1k7Bbq0zVWRMsroOtp85ZpwLQWu++0kTTw==",
      "license": "Apache-2.0",
      "optional": true
    },
    "node_modules/@scriptc/runtime-ios-simulator-arm64": {
      "version": "0.2.0",
      "integrity": "sha512-sxINHyIcig9O0PvCXJmjNuricylFn3BBUjTv+eqeNGpaLuwwvIrxgl30B81i6BGnEsmVmfRVc33ce1gOfriuGA==",
      "license": "Apache-2.0",
      "optional": true
    },
    "node_modules/@scriptc/runtime-linux-arm64-gnu": {
      "version": "0.2.0",
      "integrity": "sha512-2RdXw2GaVQuHHtfgmeiMd2Lu52ng81lynYsC/2Hnki5AgCg5keyhzGnz2uIZv1wksbLF5raoX9CJSELilvt/sg==",
      "license": "Apache-2.0",
      "optional": true
    },
    "node_modules/@scriptc/runtime-linux-arm64-musl": {
      "version": "0.2.0",
      "integrity": "sha512-OMW2+9l2HojNaKlHvnv1bvKIf7QTPIa741ZPfgIQqLoiYTzzYKyS1YClLc3R6Q/koI+loVk1NOJTIfDaMPExlQ==",
      "license": "Apache-2.0",
      "optional": true
    },
    "node_modules/@scriptc/runtime-linux-x64-gnu": {
      "version": "0.2.0",
      "integrity": "sha512-0fNb1A6Za0vWpsBdq0mHz80xIVxvrJIvgRZQT189FC/XPP5/LlAV0+fSm62+xUREDjlAHu83eKsJTBmnEFqQpQ==",
      "license": "Apache-2.0",
      "optional": true
    },
    "node_modules/@scriptc/runtime-linux-x64-musl": {
      "version": "0.2.0",
      "integrity": "sha512-BdyOpCuSQCeNa7WEljfVG0XhoSpMk4bNE1ckT64sCEZ1xNeLJ+8oTnn1wnJmenTsnwHC13N75MaErhG9CAZcHA==",
      "license": "Apache-2.0",
      "optional": true
    },
    "node_modules/@scriptc/runtime-wasm32-wasi": {
      "version": "0.2.0",
      "integrity": "sha512-nwDCpmLxEBgH8P8nu1A6KVSrKzOePrdyZJanmUz7TLaJ7tPgtsEPf4sL2vnIImb/robB94wdWrYStAepm6af9Q==",
      "license": "Apache-2.0",
      "optional": true
    },
    "node_modules/@scriptc/runtime-win32-x64-msvc": {
      "version": "0.2.0",
      "integrity": "sha512-PHKoSqvBxywE61Z7Ifv1u7bck8ebesLkqgZwj86wBTHlNguCvhbeUwHaw+S3XQaps83eeCMFRTKpPLz2pfE4oA==",
      "license": "Apache-2.0",
      "optional": true
    },
    "node_modules/@types/node": {
      "version": "24.19.0",
      "integrity": "sha512-zY+5tKxXdhGh1PYI0ac+7juvEu4OI6vWtVVoj5i2m42jxAY1U+zHGt6QCyOFwykdP62sM3MJ9stoYYUw5aCWew==",
      "dev": true,
      "license": "MIT",
      "dependencies": {
        "undici-types": ">=7.24.0 <7.24.7"
      }
    },
    "node_modules/@typescript/old": {
      "name": "typescript",
      "version": "6.0.3",
      "integrity": "sha512-y2TvuxSZPDyQakkFRPZHKFm+KKVqIisdg9/CZwm9ftvKXLP8NRWj38/ODjNbr43SsoXqNuAisEf1GdCxqWcdBw==",
      "dev": true,
      "license": "Apache-2.0",
      "bin": {
        "tsc": "bin/tsc",
        "tsserver": "bin/tsserver"
      },
      "engines": {
        "node": ">=14.17"
      }
    },
    "node_modules/@typescript/typescript-aix-ppc64": {
      "version": "7.0.2",
      "integrity": "sha512-MTKKkWB7p/0E9xi1d1tHtZ5PiLkGEMIq88pK2CubZjOsLtYTLqhgIgi6zepFa+9GHZ6h05NMCkQxGKiPXMxXtQ==",
      "cpu": [
        "ppc64"
      ],
      "dev": true,
      "license": "Apache-2.0",
      "optional": true,
      "os": [
        "aix"
      ],
      "engines": {
        "node": ">=16.20.0"
      }
    },
    "node_modules/@typescript/typescript-darwin-arm64": {
      "version": "7.0.2",
      "integrity": "sha512-gowzar9MwS/aRWp6f3a4KUqzRjAZjOsmGNCM6LcTgXum+dBfgsBVMN+AgvOCCbguXyick6LJhpBszxMebJ8syA==",
      "cpu": [
        "arm64"
      ],
      "dev": true,
      "license": "Apache-2.0",
      "optional": true,
      "os": [
        "darwin"
      ],
      "engines": {
        "node": ">=16.20.0"
      }
    },
    "node_modules/@typescript/typescript-darwin-x64": {
      "version": "7.0.2",
      "integrity": "sha512-SZ9xZInqApNlNGc9s0W1VSsktYSOe9cFqNOIqmN1Gs8SmkjKZYFt017G4VwPxASInODuAdbTW7sXiFUf893RgA==",
      "cpu": [
        "x64"
      ],
      "dev": true,
      "license": "Apache-2.0",
      "optional": true,
      "os": [
        "darwin"
      ],
      "engines": {
        "node": ">=16.20.0"
      }
    },
    "node_modules/@typescript/typescript-freebsd-arm64": {
      "version": "7.0.2",
      "integrity": "sha512-W5NH4y/J0plIIS5b2xvTEkU7JFxyqdMAOgf+Ilhl0vHQXKO5dZoxd+C/jEtq56c4F3wk71RB4BMRQ2XdI+bwYQ==",
      "cpu": [
        "arm64"
      ],
      "dev": true,
      "license": "Apache-2.0",
      "optional": true,
      "os": [
        "freebsd"
      ],
      "engines": {
        "node": ">=16.20.0"
      }
    },
    "node_modules/@typescript/typescript-freebsd-x64": {
      "version": "7.0.2",
      "integrity": "sha512-UMGDx5sTpzNw3WiPebH7l90IWfJggEd+egHt/q6p7/Cm3zqoV7VxkGXt+3DxPIw8CcmvAB0j3sVVfbhX+M4Tpw==",
      "cpu": [
        "x64"
      ],
      "dev": true,
      "license": "Apache-2.0",
      "optional": true,
      "os": [
        "freebsd"
      ],
      "engines": {
        "node": ">=16.20.0"
      }
    },
    "node_modules/@typescript/typescript-linux-arm": {
      "version": "7.0.2",
      "integrity": "sha512-gffT3xPz9sR7j/YJExkyPntrI0P2EP9XbOyWzth2/Gs0RstK+90RBcO0ncXoXy/beYll1SXw846Nf2zdnEz0QQ==",
      "cpu": [
        "arm"
      ],
      "dev": true,
      "license": "Apache-2.0",
      "optional": true,
      "os": [
        "linux"
      ],
      "engines": {
        "node": ">=16.20.0"
      }
    },
    "node_modules/@typescript/typescript-linux-arm64": {
      "version": "7.0.2",
      "integrity": "sha512-Qh4eU4/y3yDjnfjjyPYihMj5/ODIlmt+Bzu17OI+fiSRDW57QmU5SiN63exPRNJPKUzcc1INa1NXdrJ+MqHjUQ==",
      "cpu": [
        "arm64"
      ],
      "dev": true,
      "license": "Apache-2.0",
      "optional": true,
      "os": [
        "linux"
      ],
      "engines": {
        "node": ">=16.20.0"
      }
    },
    "node_modules/@typescript/typescript-linux-loong64": {
      "version": "7.0.2",
      "integrity": "sha512-uEHck9i8hoAzXPiYRib1O7miOnz23SxIeVl6F4LXox+qov1K35jHcEW6VHKvZI+pyvl7fZEP4MCU5LYvIq1GuQ==",
      "cpu": [
        "loong64"
      ],
      "dev": true,
      "license": "Apache-2.0",
      "optional": true,
      "os": [
        "linux"
      ],
      "engines": {
        "node": ">=16.20.0"
      }
    },
    "node_modules/@typescript/typescript-linux-mips64el": {
      "version": "7.0.2",
      "integrity": "sha512-R4KvAMnE43W5Qeqb0Ly56O3mWMWIAgsMyz36DCaycd5nbg/9kzm0liw3JocfRqyJY0KPmzFjbswozXyW0DnIYA==",
      "cpu": [
        "mips64el"
      ],
      "dev": true,
      "license": "Apache-2.0",
      "optional": true,
      "os": [
        "linux"
      ],
      "engines": {
        "node": ">=16.20.0"
      }
    },
    "node_modules/@typescript/typescript-linux-ppc64": {
      "version": "7.0.2",
      "integrity": "sha512-DORx5b3sd/4S7eayxm4FQv+A7CrkUIGRaHiwI8oiHTAI1fAPWhF4J0vAlkC8biAlHSVVwxMQ3tjZ2/DVbnQiiA==",
      "cpu": [
        "ppc64"
      ],
      "dev": true,
      "license": "Apache-2.0",
      "optional": true,
      "os": [
        "linux"
      ],
      "engines": {
        "node": ">=16.20.0"
      }
    },
    "node_modules/@typescript/typescript-linux-riscv64": {
      "version": "7.0.2",
      "integrity": "sha512-wf0jqEDOjrPRnKwYRyyJDRo11KMbvMFrU+q4zqKyChODBzvlkbhNQfKvLxQCcwTpdDaXSHZTVuh0JoCrKCUMHQ==",
      "cpu": [
        "riscv64"
      ],
      "dev": true,
      "license": "Apache-2.0",
      "optional": true,
      "os": [
        "linux"
      ],
      "engines": {
        "node": ">=16.20.0"
      }
    },
    "node_modules/@typescript/typescript-linux-s390x": {
      "version": "7.0.2",
      "integrity": "sha512-IkwJc3L7yhytWd/ewjyxNDfOmswCm9GWMJT/ue/dU4aZNbwZeYAetq42VyLmsmSjvoX7z74X6ZaYCtzAr0EuGw==",
      "cpu": [
        "s390x"
      ],
      "dev": true,
      "license": "Apache-2.0",
      "optional": true,
      "os": [
        "linux"
      ],
      "engines": {
        "node": ">=16.20.0"
      }
    },
    "node_modules/@typescript/typescript-linux-x64": {
      "version": "7.0.2",
      "integrity": "sha512-EYdf2cNg7rgCWJnxCdJ+F3V39O8ihb37eHAu1LK8oAFizgTQbPOK7zHHXbPt8rX24COqODXeI3sIf0fCXG7H/A==",
      "cpu": [
        "x64"
      ],
      "dev": true,
      "license": "Apache-2.0",
      "optional": true,
      "os": [
        "linux"
      ],
      "engines": {
        "node": ">=16.20.0"
      }
    },
    "node_modules/@typescript/typescript-netbsd-arm64": {
      "version": "7.0.2",
      "integrity": "sha512-+polYF4MF04aPpO5FTkHran9yUQDSXqy5GiSDKpsll5jy3l3+g9QLhpf39T+ePtefhXLOGrLl0QIjkQP6VnelA==",
      "cpu": [
        "arm64"
      ],
      "dev": true,
      "license": "Apache-2.0",
      "optional": true,
      "os": [
        "netbsd"
      ],
      "engines": {
        "node": ">=16.20.0"
      }
    },
    "node_modules/@typescript/typescript-netbsd-x64": {
      "version": "7.0.2",
      "integrity": "sha512-8YIT0EHM/3dq10ZOVF/A7pc/YSMtbcecct4rWtexrnSCHOPcpC2KTLXfTCR6vDpnSiY12heNb1GiN/wu+T/FyA==",
      "cpu": [
        "x64"
      ],
      "dev": true,
      "license": "Apache-2.0",
      "optional": true,
      "os": [
        "netbsd"
      ],
      "engines": {
        "node": ">=16.20.0"
      }
    },
    "node_modules/@typescript/typescript-openbsd-arm64": {
      "version": "7.0.2",
      "integrity": "sha512-APT8+ClYnuYm1u9+kgGXoMj2VzWzcymwh2gNSQVySHfkRDGOTVkoWLjCmOQSaO+PoqQ57B0flRp9SA+7GnnkzQ==",
      "cpu": [
        "arm64"
      ],
      "dev": true,
      "license": "Apache-2.0",
      "optional": true,
      "os": [
        "openbsd"
      ],
      "engines": {
        "node": ">=16.20.0"
      }
    },
    "node_modules/@typescript/typescript-openbsd-x64": {
      "version": "7.0.2",
      "integrity": "sha512-yX7s+Q0Dln0Dt9tEzZsAjXXR/+ytBM7AlglaqyeMPxQszJ1JhlJdZ6jLA+IzldHtflX81em7lDao1xXu+aRRkg==",
      "cpu": [
        "x64"
      ],
      "dev": true,
      "license": "Apache-2.0",
      "optional": true,
      "os": [
        "openbsd"
      ],
      "engines": {
        "node": ">=16.20.0"
      }
    },
    "node_modules/@typescript/typescript-sunos-x64": {
      "version": "7.0.2",
      "integrity": "sha512-dLJDGaLZ1D4HPQn62u1n8mBDkJREwMsAkCdkwd4Ieqw+x3TUyTsqY0YiBCtE6H6OzzgGk3iuZ3vFWRS+E8/d1g==",
      "cpu": [
        "x64"
      ],
      "dev": true,
      "license": "Apache-2.0",
      "optional": true,
      "os": [
        "sunos"
      ],
      "engines": {
        "node": ">=16.20.0"
      }
    },
    "node_modules/@typescript/typescript-win32-arm64": {
      "version": "7.0.2",
      "integrity": "sha512-Gyl1Vy6OsWesLzmq+EP0Fb7b4Nid5232AvcA2SFcdYreldpNtYFFofPjnt62y9hQy7VTaZp65ICJjuAQRaVcIQ==",
      "cpu": [
        "arm64"
      ],
      "dev": true,
      "license": "Apache-2.0",
      "optional": true,
      "os": [
        "win32"
      ],
      "engines": {
        "node": ">=16.20.0"
      }
    },
    "node_modules/@typescript/typescript-win32-x64": {
      "version": "7.0.2",
      "integrity": "sha512-0BQ3HkAHHlKLSp1qRvf3SUhGpGsDuhB/jgFw75guyqbxJqEaS0Cw/VFO8i2nHglJUzQCRtMMR/IBAKE3ETMC4g==",
      "cpu": [
        "x64"
      ],
      "dev": true,
      "license": "Apache-2.0",
      "optional": true,
      "os": [
        "win32"
      ],
      "engines": {
        "node": ">=16.20.0"
      }
    },
    "node_modules/scriptc": {
      "version": "0.2.0",
      "integrity": "sha512-neoXvMwRdsDeIiluveS8iVVTIxj4lNBVJmN6p7UodbY+Z5BiBSQRGRKD60xnprdQ9ly/pCTQXOjKpq6qDOeriw==",
      "hasInstallScript": true,
      "license": "Apache-2.0",
      "bin": {
        "scriptc": "bin/scriptc.exe"
      },
      "engines": {
        "node": ">=24"
      },
      "optionalDependencies": {
        "@scriptc/cli-darwin-arm64": "0.2.0",
        "@scriptc/cli-darwin-x64": "0.2.0",
        "@scriptc/cli-linux-arm64-gnu": "0.2.0",
        "@scriptc/cli-linux-arm64-musl": "0.2.0",
        "@scriptc/cli-linux-x64-gnu": "0.2.0",
        "@scriptc/cli-linux-x64-musl": "0.2.0",
        "@scriptc/cli-win32-x64-msvc": "0.2.0",
        "@scriptc/runtime-android-arm64": "0.2.0",
        "@scriptc/runtime-darwin-arm64": "0.2.0",
        "@scriptc/runtime-darwin-x64": "0.2.0",
        "@scriptc/runtime-ios-arm64": "0.2.0",
        "@scriptc/runtime-ios-simulator-arm64": "0.2.0",
        "@scriptc/runtime-linux-arm64-gnu": "0.2.0",
        "@scriptc/runtime-linux-arm64-musl": "0.2.0",
        "@scriptc/runtime-linux-x64-gnu": "0.2.0",
        "@scriptc/runtime-linux-x64-musl": "0.2.0",
        "@scriptc/runtime-wasm32-wasi": "0.2.0",
        "@scriptc/runtime-win32-x64-msvc": "0.2.0"
      }
    },
    "node_modules/typescript": {
      "version": "7.0.2",
      "integrity": "sha512-8FYau96o3NKOhbjKi/qNvG/W5jhzxkbdm5sj9AbZ/5T5sWqn3hJgLfGx27sRKZWTvyzCP8dLRBTf5tBTSRVUNA==",
      "dev": true,
      "license": "Apache-2.0",
      "bin": {
        "tsc": "bin/tsc"
      },
      "engines": {
        "node": ">=16.20.0"
      },
      "optionalDependencies": {
        "@typescript/typescript-aix-ppc64": "7.0.2",
        "@typescript/typescript-darwin-arm64": "7.0.2",
        "@typescript/typescript-darwin-x64": "7.0.2",
        "@typescript/typescript-freebsd-arm64": "7.0.2",
        "@typescript/typescript-freebsd-x64": "7.0.2",
        "@typescript/typescript-linux-arm": "7.0.2",
        "@typescript/typescript-linux-arm64": "7.0.2",
        "@typescript/typescript-linux-loong64": "7.0.2",
        "@typescript/typescript-linux-mips64el": "7.0.2",
        "@typescript/typescript-linux-ppc64": "7.0.2",
        "@typescript/typescript-linux-riscv64": "7.0.2",
        "@typescript/typescript-linux-s390x": "7.0.2",
        "@typescript/typescript-linux-x64": "7.0.2",
        "@typescript/typescript-netbsd-arm64": "7.0.2",
        "@typescript/typescript-netbsd-x64": "7.0.2",
        "@typescript/typescript-openbsd-arm64": "7.0.2",
        "@typescript/typescript-openbsd-x64": "7.0.2",
        "@typescript/typescript-sunos-x64": "7.0.2",
        "@typescript/typescript-win32-arm64": "7.0.2",
        "@typescript/typescript-win32-x64": "7.0.2"
      }
    },
    "node_modules/typescript5": {
      "name": "typescript",
      "version": "5.9.3",
      "integrity": "sha512-jl1vZzPDinLr9eUt3J/t7V6FgNEw9QjvBPdysz9KfQDD41fQrC2Y4vKQdiaUpFT4bXlb1RHhLpp8wtm6M5TgSw==",
      "dev": true,
      "license": "Apache-2.0",
      "bin": {
        "tsc": "bin/tsc",
        "tsserver": "bin/tsserver"
      },
      "engines": {
        "node": ">=14.17"
      }
    },
    "node_modules/undici-types": {
      "version": "7.24.6",
      "integrity": "sha512-WRNW+sJgj5OBN4/0JpHFqtqzhpbnV0GuB+OozA9gCL7a993SmU+1JBZCzLNxYsbMfIeDL+lTsphD5jN5N+n0zg==",
      "dev": true,
      "license": "MIT"
    }
  }
}
